
Microsoft Visual Studio Solution File, Format Version 12.00
# Visual Studio Version 17
VisualStudioVersion = 17.7.34031.279
MinimumVisualStudioVersion = 10.0.40219.1
Project("{FAE04EC0-301F-11D3-BF4B-00C04F79EFBC}") = "API", "CajeroAutomaticoAPI\API.csproj", "{AD2D65CB-BBBC-4AC0-B6D0-0DC67ED33F49}"
EndProject
Project("{FAE04EC0-301F-11D3-BF4B-00C04F79EFBC}") = "Web", "CajeroAutomaticoWeb\Web.csproj", "{D3BA778A-7390-4CBC-9D1B-D51621FC8762}"
EndProject
Project("{FAE04EC0-301F-11D3-BF4B-00C04F79EFBC}") = "Data", "Data\Data.csproj", "{FF498B55-6E32-40DE-B64B-09360287531F}"
EndProject
Global
	GlobalSection(SolutionConfigurationPlatforms) = preSolution
		Debug|Any CPU = Debug|Any CPU
		Release|Any CPU = Release|Any CPU
	EndGlobalSection
	GlobalSection(ProjectConfigurationPlatforms) = postSolution
		{AD2D65CB-BBBC-4AC0-B6D0-0DC67ED33F49}.Debug|Any CPU.ActiveCfg = Debug|Any CPU
		{AD2D65CB-BBBC-4AC0-B6D0-0DC67ED33F49}.Debug|Any CPU.Build.0 = Debug|Any CPU
		{AD2D65CB-BBBC-4AC0-B6D0-0DC67ED33F49}.Release|Any CPU.ActiveCfg = Release|Any CPU
		{AD2D65CB-BBBC-4AC0-B6D0-0DC67ED33F49}.Release|Any CPU.Build.0 = Release|Any CPU
		{D3BA778A-7390-4CBC-9D1B-D51621FC8762}.Debug|Any CPU.ActiveCfg = Debug|Any CPU
		{D3BA778A-7390-4CBC-9D1B-D51621FC8762}.Debug|Any CPU.Build.0 = Debug|Any CPU
		{D3BA778A-7390-4CBC-9D1B-D51621FC8762}.Release|Any CPU.ActiveCfg = Release|Any CPU
		{D3BA778A-7390-4CBC-9D1B-D51621FC8762}.Release|Any CPU.Build.0 = Release|Any CPU
		{FF498B55-6E32-40DE-B64B-09360287531F}.Debug|Any CPU.ActiveCfg = Debug|Any CPU
		{FF498B55-6E32-40DE-B64B-09360287531F}.Debug|Any CPU.Build.0 = Debug|Any CPU
		{FF498B55-6E32-40DE-B64B-09360287531F}.Release|Any CPU.ActiveCfg = Release|Any CPU
		{FF498B55-6E32-40DE-B64B-09360287531F}.Release|Any CPU.Build.0 = Release|Any CPU
	EndGlobalSection
	GlobalSection(SolutionProperties) = preSolution
		HideSolutionNode = FALSE
	EndGlobalSection
	GlobalSection(ExtensibilityGlobals) = postSolution
		SolutionGuid = {AFE98589-D9B4-4F60-9D32-26F5CCD55803}
	EndGlobalSection
EndGlobal
